<?xml version="1.0" encoding="utf-8"?>
<Project ToolsVersion="4.0" xmlns="http://schemas.microsoft.com/developer/msbuild/2003">
  <ItemGroup>
    <Filter Include="Source Files">
      <UniqueIdentifier>{4FC737F1-C7A5-4376-A066-2A32D752A2FF}</UniqueIdentifier>
      <Extensions>cpp;c;cc;cxx;c++;cppm;ixx;def;odl;idl;hpj;bat;asm;asmx</Extensions>
    </Filter>
    <Filter Include="Header Files">
      <UniqueIdentifier>{93995380-89BD-4b04-88EB-625FBE52EBFB}</UniqueIdentifier>
      <Extensions>h;hh;hpp;hxx;h++;hm;inl;inc;ipp;xsd</Extensions>
    </Filter>
    <Filter Include="Resource Files">
      <UniqueIdentifier>{67DA6AB6-F800-4c08-8B7A-83BB121AAD01}</UniqueIdentifier>
      <Extensions>rc;ico;cur;bmp;dlg;rc2;rct;bin;rgs;gif;jpg;jpeg;jpe;resx;tiff;tif;png;wav;mfcribbon-ms</Extensions>
    </Filter>
    <Filter Include="Source Files\CTDL">
      <UniqueIdentifier>{2e4dd86d-0b9c-4157-bf86-60d224d4a07b}</UniqueIdentifier>
    </Filter>
  </ItemGroup>
  <ItemGroup>
    <ClCompile Include="main.cpp">
      <Filter>Source Files</Filter>
    </ClCompile>
    <ClCompile Include="HDH.cpp">
      <Filter>Source Files</Filter>
    </ClCompile>
    <ClCompile Include="sjf.cpp">
      <Filter>Source Files</Filter>
    </ClCompile>
    <ClCompile Include="..\..\..\..\..\..\..\code\Kì 4\cấu trúc dữ liệu và giải thuật\ThucHanhCauTrucDuLieu_HKH\BaiTH10\Bai1 LuyThua.cpp">
      <Filter>Source Files\CTDL</Filter>
    </ClCompile>
    <ClCompile Include="..\..\..\..\..\..\..\code\Kì 4\cấu trúc dữ liệu và giải thuật\ThucHanhCauTrucDuLieu_HKH\BaiTH10\Bai2 NoiBot.cpp">
      <Filter>Source Files\CTDL</Filter>
    </ClCompile>
    <ClCompile Include="..\..\..\..\..\..\..\code\Kì 4\cấu trúc dữ liệu và giải thuật\ThucHanhCauTrucDuLieu_HKH\BaiTH10\Bai3 Node.cpp">
      <Filter>Source Files\CTDL</Filter>
    </ClCompile>
    <ClCompile Include="..\..\..\..\..\..\..\code\Kì 4\cấu trúc dữ liệu và giải thuật\ThucHanhCauTrucDuLieu_HKH\BaiTH10\Bai4 List.cpp">
      <Filter>Source Files\CTDL</Filter>
    </ClCompile>
    <ClCompile Include="..\..\..\..\..\..\..\code\Kì 4\cấu trúc dữ liệu và giải thuật\ThucHanhCauTrucDuLieu_HKH\BaiTH1\Bài 1_Fibonaci.cpp">
      <Filter>Source Files\CTDL</Filter>
    </ClCompile>
    <ClCompile Include="..\..\..\..\..\..\..\code\Kì 4\cấu trúc dữ liệu và giải thuật\ThucHanhCauTrucDuLieu_HKH\BaiTH1\Bài 2_ThapHaNoi.cpp">
      <Filter>Source Files\CTDL</Filter>
    </ClCompile>
    <ClCompile Include="..\..\..\..\..\..\..\code\Kì 4\cấu trúc dữ liệu và giải thuật\ThucHanhCauTrucDuLieu_HKH\BaiTH1\Bài 3_UCLN.cpp">
      <Filter>Source Files\CTDL</Filter>
    </ClCompile>
    <ClCompile Include="..\..\..\..\..\..\..\code\Kì 4\cấu trúc dữ liệu và giải thuật\ThucHanhCauTrucDuLieu_HKH\BaiTH1\Bài 4_Max.cpp">
      <Filter>Source Files\CTDL</Filter>
    </ClCompile>
    <ClCompile Include="..\..\..\..\..\..\..\code\Kì 4\cấu trúc dữ liệu và giải thuật\ThucHanhCauTrucDuLieu_HKH\BaiTH1\Bài 5_LuyThua.cpp">
      <Filter>Source Files\CTDL</Filter>
    </ClCompile>
    <ClCompile Include="..\..\..\..\..\..\..\code\Kì 4\cấu trúc dữ liệu và giải thuật\ThucHanhCauTrucDuLieu_HKH\BaiTH1\Bài 6_Dem.cpp">
      <Filter>Source Files\CTDL</Filter>
    </ClCompile>
    <ClCompile Include="..\..\..\..\..\..\..\code\Kì 4\cấu trúc dữ liệu và giải thuật\ThucHanhCauTrucDuLieu_HKH\BaiTH2\Bai 1_ItNhat.cpp">
      <Filter>Source Files\CTDL</Filter>
    </ClCompile>
    <ClCompile Include="..\..\..\..\..\..\..\code\Kì 4\cấu trúc dữ liệu và giải thuật\ThucHanhCauTrucDuLieu_HKH\BaiTH2\Bai 2_XepBalo.cpp">
      <Filter>Source Files\CTDL</Filter>
    </ClCompile>
    <ClCompile Include="..\..\..\..\..\..\..\code\Kì 4\cấu trúc dữ liệu và giải thuật\ThucHanhCauTrucDuLieu_HKH\BaiTH2\Bai 3_MaDiTuan.cpp">
      <Filter>Source Files\CTDL</Filter>
    </ClCompile>
    <ClCompile Include="..\..\..\..\..\..\..\code\Kì 4\cấu trúc dữ liệu và giải thuật\ThucHanhCauTrucDuLieu_HKH\BaiTH3\Bai1 TkTuanTu.cpp">
      <Filter>Source Files\CTDL</Filter>
    </ClCompile>
    <ClCompile Include="..\..\..\..\..\..\..\code\Kì 4\cấu trúc dữ liệu và giải thuật\ThucHanhCauTrucDuLieu_HKH\BaiTH3\Bai2 TkNhiPhan.cpp">
      <Filter>Source Files\CTDL</Filter>
    </ClCompile>
    <ClCompile Include="..\..\..\..\..\..\..\code\Kì 4\cấu trúc dữ liệu và giải thuật\ThucHanhCauTrucDuLieu_HKH\BaiTH3\Bai3 TkSV.cpp">
      <Filter>Source Files\CTDL</Filter>
    </ClCompile>
    <ClCompile Include="..\..\..\..\..\..\..\code\Kì 4\cấu trúc dữ liệu và giải thuật\ThucHanhCauTrucDuLieu_HKH\BaiTH4\Bai1 NoiBot.cpp">
      <Filter>Source Files\CTDL</Filter>
    </ClCompile>
    <ClCompile Include="..\..\..\..\..\..\..\code\Kì 4\cấu trúc dữ liệu và giải thuật\ThucHanhCauTrucDuLieu_HKH\BaiTH4\Bai2 Chon.cpp">
      <Filter>Source Files\CTDL</Filter>
    </ClCompile>
    <ClCompile Include="..\..\..\..\..\..\..\code\Kì 4\cấu trúc dữ liệu và giải thuật\ThucHanhCauTrucDuLieu_HKH\BaiTH4\Bai3 Chen.cpp">
      <Filter>Source Files\CTDL</Filter>
    </ClCompile>
    <ClCompile Include="..\..\..\..\..\..\..\code\Kì 4\cấu trúc dữ liệu và giải thuật\ThucHanhCauTrucDuLieu_HKH\BaiTH4\Bai4 SvChon.cpp">
      <Filter>Source Files\CTDL</Filter>
    </ClCompile>
    <ClCompile Include="..\..\..\..\..\..\..\code\Kì 4\cấu trúc dữ liệu và giải thuật\ThucHanhCauTrucDuLieu_HKH\BaiTH5\Ba1 QS.cpp">
      <Filter>Source Files\CTDL</Filter>
    </ClCompile>
    <ClCompile Include="..\..\..\..\..\..\..\code\Kì 4\cấu trúc dữ liệu và giải thuật\ThucHanhCauTrucDuLieu_HKH\BaiTH5\Bai2 VunDong.cpp">
      <Filter>Source Files\CTDL</Filter>
    </ClCompile>
    <ClCompile Include="..\..\..\..\..\..\..\code\Kì 4\cấu trúc dữ liệu và giải thuật\ThucHanhCauTrucDuLieu_HKH\BaiTH5\Bai3 Tron.cpp">
      <Filter>Source Files\CTDL</Filter>
    </ClCompile>
    <ClCompile Include="..\..\..\..\..\..\..\code\Kì 4\cấu trúc dữ liệu và giải thuật\ThucHanhCauTrucDuLieu_HKH\BaiTH5\Bai4 SvQS.cpp">
      <Filter>Source Files\CTDL</Filter>
    </ClCompile>
    <ClCompile Include="..\..\..\..\..\..\..\code\Kì 4\cấu trúc dữ liệu và giải thuật\ThucHanhCauTrucDuLieu_HKH\BaiTH6\Bai1 List.cpp">
      <Filter>Source Files\CTDL</Filter>
    </ClCompile>
    <ClCompile Include="..\..\..\..\..\..\..\code\Kì 4\cấu trúc dữ liệu và giải thuật\ThucHanhCauTrucDuLieu_HKH\BaiTH6\Bai2 Node.cpp">
      <Filter>Source Files\CTDL</Filter>
    </ClCompile>
    <ClCompile Include="..\..\..\..\..\..\..\code\Kì 4\cấu trúc dữ liệu và giải thuật\ThucHanhCauTrucDuLieu_HKH\BaiTH7\Bai1 CdCoSo.cpp">
      <Filter>Source Files\CTDL</Filter>
    </ClCompile>
    <ClCompile Include="..\..\..\..\..\..\..\code\Kì 4\cấu trúc dữ liệu và giải thuật\ThucHanhCauTrucDuLieu_HKH\BaiTH7\Bai2 KtNgoac.cpp">
      <Filter>Source Files\CTDL</Filter>
    </ClCompile>
    <ClCompile Include="..\..\..\..\..\..\..\code\Kì 4\cấu trúc dữ liệu và giải thuật\ThucHanhCauTrucDuLieu_HKH\BaiTH7\Bai3 LoaiPt.cpp">
      <Filter>Source Files\CTDL</Filter>
    </ClCompile>
    <ClCompile Include="..\..\..\..\..\..\..\code\Kì 4\cấu trúc dữ liệu và giải thuật\ThucHanhCauTrucDuLieu_HKH\BaiTH8\Bai1 UseQuere.cpp">
      <Filter>Source Files\CTDL</Filter>
    </ClCompile>
    <ClCompile Include="..\..\..\..\..\..\..\code\Kì 4\cấu trúc dữ liệu và giải thuật\ThucHanhCauTrucDuLieu_HKH\BaiTH8\Bai2 ThemVaXoa.cpp">
      <Filter>Source Files\CTDL</Filter>
    </ClCompile>
    <ClCompile Include="..\..\..\..\..\..\..\code\Kì 4\cấu trúc dữ liệu và giải thuật\ThucHanhCauTrucDuLieu_HKH\BaiTH8\Bai3 BenhNhan.cpp">
      <Filter>Source Files\CTDL</Filter>
    </ClCompile>
    <ClCompile Include="..\..\..\..\..\..\..\code\Kì 4\cấu trúc dữ liệu và giải thuật\ThucHanhCauTrucDuLieu_HKH\BaiTH9\Bai1 PreOrd.cpp">
      <Filter>Source Files\CTDL</Filter>
    </ClCompile>
  </ItemGroup>
  <ItemGroup>
    <ClInclude Include="CTDLDvaGT.h">
      <Filter>Header Files</Filter>
    </ClInclude>
    <ClInclude Include="HDT.h">
      <Filter>Header Files</Filter>
    </ClInclude>
  </ItemGroup>
</Project>